
Microsoft Visual Studio Solution File, Format Version 12.00
# Visual Studio Version 17
VisualStudioVersion = 17.14.36212.18 d17.14
MinimumVisualStudioVersion = 10.0.40219.1
Project("{FAE04EC0-301F-11D3-BF4B-00C04F79EFBC}") = "ElectricalAppliancesApp", "ElectricalAppliancesApp\ElectricalAppliancesApp.csproj", "{C131DFCC-6FE9-4F9A-87AF-753D337E3AD8}"
EndProject
Project("{FAE04EC0-301F-11D3-BF4B-00C04F79EFBC}") = "ElectricalApplianceAppTests", "ElectricalApplianceAppTests\ElectricalApplianceAppTests.csproj", "{AA83E89D-839E-4BFA-AE2F-61B47C6E3E6C}"
EndProject
Global
	GlobalSection(SolutionConfigurationPlatforms) = preSolution
		Debug|Any CPU = Debug|Any CPU
		Release|Any CPU = Release|Any CPU
	EndGlobalSection
	GlobalSection(ProjectConfigurationPlatforms) = postSolution
		{C131DFCC-6FE9-4F9A-87AF-753D337E3AD8}.Debug|Any CPU.ActiveCfg = Debug|Any CPU
		{C131DFCC-6FE9-4F9A-87AF-753D337E3AD8}.Debug|Any CPU.Build.0 = Debug|Any CPU
		{C131DFCC-6FE9-4F9A-87AF-753D337E3AD8}.Release|Any CPU.ActiveCfg = Release|Any CPU
		{C131DFCC-6FE9-4F9A-87AF-753D337E3AD8}.Release|Any CPU.Build.0 = Release|Any CPU
		{AA83E89D-839E-4BFA-AE2F-61B47C6E3E6C}.Debug|Any CPU.ActiveCfg = Debug|Any CPU
		{AA83E89D-839E-4BFA-AE2F-61B47C6E3E6C}.Debug|Any CPU.Build.0 = Debug|Any CPU
		{AA83E89D-839E-4BFA-AE2F-61B47C6E3E6C}.Release|Any CPU.ActiveCfg = Release|Any CPU
		{AA83E89D-839E-4BFA-AE2F-61B47C6E3E6C}.Release|Any CPU.Build.0 = Release|Any CPU
	EndGlobalSection
	GlobalSection(SolutionProperties) = preSolution
		HideSolutionNode = FALSE
	EndGlobalSection
	GlobalSection(ExtensibilityGlobals) = postSolution
		SolutionGuid = {96BF0974-64A3-40EB-91B9-2EA374E09CC9}
	EndGlobalSection
EndGlobal
